
Microsoft Visual Studio Solution File, Format Version 12.00
# Visual Studio Version 16
VisualStudioVersion = 16.0.30114.105
MinimumVisualStudioVersion = 10.0.40219.1
Project("{FAE04EC0-301F-11D3-BF4B-00C04F79EFBC}") = "ExperianTechTest", "ExperianTechTest\ExperianTechTest.csproj", "{61933705-D6BF-4C59-A97C-DA1E517D26FE}"
EndProject
Project("{FAE04EC0-301F-11D3-BF4B-00C04F79EFBC}") = "ExperianTechTest.Tests", "ExperianTechTest.Tests\ExperianTechTest.Tests.csproj", "{F9C76577-FB01-4163-BF05-D183048B978C}"
EndProject
Global
	GlobalSection(SolutionConfigurationPlatforms) = preSolution
		Debug|Any CPU = Debug|Any CPU
		Release|Any CPU = Release|Any CPU
	EndGlobalSection
	GlobalSection(SolutionProperties) = preSolution
		HideSolutionNode = FALSE
	EndGlobalSection
	GlobalSection(ProjectConfigurationPlatforms) = postSolution
		{61933705-D6BF-4C59-A97C-DA1E517D26FE}.Debug|Any CPU.ActiveCfg = Debug|Any CPU
		{61933705-D6BF-4C59-A97C-DA1E517D26FE}.Debug|Any CPU.Build.0 = Debug|Any CPU
		{61933705-D6BF-4C59-A97C-DA1E517D26FE}.Release|Any CPU.ActiveCfg = Release|Any CPU
		{61933705-D6BF-4C59-A97C-DA1E517D26FE}.Release|Any CPU.Build.0 = Release|Any CPU
		{F9C76577-FB01-4163-BF05-D183048B978C}.Debug|Any CPU.ActiveCfg = Debug|Any CPU
		{F9C76577-FB01-4163-BF05-D183048B978C}.Debug|Any CPU.Build.0 = Debug|Any CPU
		{F9C76577-FB01-4163-BF05-D183048B978C}.Release|Any CPU.ActiveCfg = Release|Any CPU
		{F9C76577-FB01-4163-BF05-D183048B978C}.Release|Any CPU.Build.0 = Release|Any CPU
	EndGlobalSection
EndGlobal
